
Microsoft Visual Studio Solution File, Format Version 12.00
# Visual Studio Version 17
VisualStudioVersion = 17.2.32616.157
MinimumVisualStudioVersion = 10.0.40219.1
Project("{FAE04EC0-301F-11D3-BF4B-00C04F79EFBC}") = "Study_18_19", "Study_18_19\Study_18_19.csproj", "{159BF010-21A4-4262-A67C-6DC6098491B9}"
EndProject
Global
	GlobalSection(SolutionConfigurationPlatforms) = preSolution
		Debug|Any CPU = Debug|Any CPU
		Release|Any CPU = Release|Any CPU
	EndGlobalSection
	GlobalSection(ProjectConfigurationPlatforms) = postSolution
		{159BF010-21A4-4262-A67C-6DC6098491B9}.Debug|Any CPU.ActiveCfg = Debug|Any CPU
		{159BF010-21A4-4262-A67C-6DC6098491B9}.Debug|Any CPU.Build.0 = Debug|Any CPU
		{159BF010-21A4-4262-A67C-6DC6098491B9}.Release|Any CPU.ActiveCfg = Release|Any CPU
		{159BF010-21A4-4262-A67C-6DC6098491B9}.Release|Any CPU.Build.0 = Release|Any CPU
	EndGlobalSection
	GlobalSection(SolutionProperties) = preSolution
		HideSolutionNode = FALSE
	EndGlobalSection
	GlobalSection(ExtensibilityGlobals) = postSolution
		SolutionGuid = {AA23CA96-2E9D-4FC8-897F-651D8718D059}
	EndGlobalSection
EndGlobal
